
Microsoft Visual Studio Solution File, Format Version 9.00
# Visual Studio 2005
Project("{8BC9CEB8-8B4A-11D0-8D11-00A0C91BC942}") = "dbfetch", "dbfetch.vcproj", "{6C1D17B0-1B44-4EEC-A10D-CC109EDD77B7}"
EndProject
Global
	GlobalSection(SolutionConfigurationPlatforms) = preSolution
		Debug|Win32 = Debug|Win32
		Release|Win32 = Release|Win32
		UNICODE debug|Win32 = UNICODE debug|Win32
		UNICODE Release|Win32 = UNICODE Release|Win32
	EndGlobalSection
	GlobalSection(ProjectConfigurationPlatforms) = postSolution
		{6C1D17B0-1B44-4EEC-A10D-CC109EDD77B7}.Debug|Win32.ActiveCfg = Debug|Win32
		{6C1D17B0-1B44-4EEC-A10D-CC109EDD77B7}.Debug|Win32.Build.0 = Debug|Win32
		{6C1D17B0-1B44-4EEC-A10D-CC109EDD77B7}.Release|Win32.ActiveCfg = Release|Win32
		{6C1D17B0-1B44-4EEC-A10D-CC109EDD77B7}.Release|Win32.Build.0 = Release|Win32
		{6C1D17B0-1B44-4EEC-A10D-CC109EDD77B7}.UNICODE debug|Win32.ActiveCfg = UNICODE debug|Win32
		{6C1D17B0-1B44-4EEC-A10D-CC109EDD77B7}.UNICODE debug|Win32.Build.0 = UNICODE debug|Win32
		{6C1D17B0-1B44-4EEC-A10D-CC109EDD77B7}.UNICODE Release|Win32.ActiveCfg = UNICODE Release|Win32
		{6C1D17B0-1B44-4EEC-A10D-CC109EDD77B7}.UNICODE Release|Win32.Build.0 = UNICODE Release|Win32
	EndGlobalSection
	GlobalSection(SolutionProperties) = preSolution
		HideSolutionNode = FALSE
	EndGlobalSection
EndGlobal
